<?xml version="1.0" encoding="utf-8"?>
<Project ToolsVersion="4.0" xmlns="http://schemas.microsoft.com/developer/msbuild/2003">
  <ItemGroup>
    <ClInclude Include="..\..\src\production\ilp_solver_cbc.hpp" />
    <ClInclude Include="..\..\src\production\ilp_solver_factory.hpp" />
    <ClInclude Include="..\..\src\production\ilp_solver_interface.hpp" />
    <ClInclude Include="..\..\src\production\ilp_solver_osi.hpp" />
    <ClInclude Include="..\..\src\production\ilp_solver_osi_model.hpp" />
    <ClInclude Include="..\..\src\production\ilp_solver_stub.hpp" />
    <ClInclude Include="..\..\src\production\serialization.hpp" />
    <ClInclude Include="..\..\src\production\shared_memory_communication.hpp" />
    <ClInclude Include="..\..\src\production\ilp_solver_collect.hpp" />
    <ClInclude Include="..\..\src\production\solver_exit_code.hpp" />
    <ClInclude Include="..\..\src\production\ilp_data.hpp" />
    <ClInclude Include="resource.h">
      <Filter>Resource Files</Filter>
    </ClInclude>
    <ClInclude Include="..\..\src\production\tester.hpp" />
    <ClInclude Include="..\..\src\production\ilp_solver_impl.hpp" />
    <ClInclude Include="..\..\src\production\ilp_solver_scip.hpp" />
    <ClInclude Include="..\..\src\production\ilp_solver_gurobi.hpp" />
    <ClInclude Include="..\..\src\production\utility.hpp" />
    <ClInclude Include="..\..\src\production\version.h" />
    <ClInclude Include="..\..\src\production\ilp_solver_highs.hpp" />
  </ItemGroup>
  <ItemGroup>
    <ClCompile Include="..\..\src\production\ilp_solver_cbc.cpp" />
    <ClCompile Include="..\..\src\production\ilp_solver_factory.cpp" />
    <ClCompile Include="..\..\src\production\ilp_solver_osi.cpp" />
    <ClCompile Include="..\..\src\production\ilp_solver_osi_model.cpp" />
    <ClCompile Include="..\..\src\production\ilp_solver_stub.cpp" />
    <ClCompile Include="..\..\src\production\shared_memory_communication.cpp" />
    <ClCompile Include="..\..\src\production\ilp_solver_collect.cpp" />
    <ClCompile Include="..\..\src\production\tester.cpp" />
    <ClCompile Include="..\..\src\production\ilp_solver_impl.cpp" />
    <ClCompile Include="..\..\src\production\ilp_solver_scip.cpp" />
    <ClCompile Include="..\..\src\production\ilp_solver_gurobi.cpp" />
    <ClCompile Include="..\..\src\production\ilp_solver_highs.cpp" />
  </ItemGroup>
  <ItemGroup>
    <Filter Include="Resource Files">
      <UniqueIdentifier>{a3ffe818-d172-4e28-be8e-85616dd6f112}</UniqueIdentifier>
    </Filter>
    <Filter Include="binaries">
      <UniqueIdentifier>{b3e55270-1854-4d12-9fe8-bb64693c889e}</UniqueIdentifier>
    </Filter>
  </ItemGroup>
  <ItemGroup>
    <ResourceCompile Include="ScaiIlp.rc">
      <Filter>Resource Files</Filter>
    </ResourceCompile>
  </ItemGroup>
  <ItemGroup>
    <CopyFileToFolders Include="$(GUROBI_DIR)\bin\gurobi$(GUROBI_VERSION_MAJOR)$(GUROBI_VERSION_MINOR).dll"><Filter>binaries</Filter></CopyFileToFolders>
    <CopyFileToFolders Include="$(PTHREAD_LIB_PATH)\pthread.dll"><Filter>binaries</Filter></CopyFileToFolders>
    <CopyFileToFolders Include="$(SCIP_DIR)\bin\coinmumps-3.dll"><Filter>binaries</Filter></CopyFileToFolders>
    <CopyFileToFolders Include="$(SCIP_DIR)\bin\libifcoremd.dll"><Filter>binaries</Filter></CopyFileToFolders>
    <CopyFileToFolders Include="$(SCIP_DIR)\bin\svml_dispmd.dll"><Filter>binaries</Filter></CopyFileToFolders>
    <CopyFileToFolders Include="$(SCIP_DIR)\bin\libiomp5md.dll"><Filter>binaries</Filter></CopyFileToFolders>
    <CopyFileToFolders Include="$(SCIP_DIR)\bin\ipopt-3.dll"><Filter>binaries</Filter></CopyFileToFolders>
    <CopyFileToFolders Include="$(SCIP_DIR)\bin\libscip.dll"><Filter>binaries</Filter></CopyFileToFolders>
    <CopyFileToFolders Include="$(SCIP_DIR)\bin\libmmd.dll"><Filter>binaries</Filter></CopyFileToFolders>
    <CopyFileToFolders Include="$(SCIP_DIR)\bin\tbb12.dll"><Filter>binaries</Filter></CopyFileToFolders>
    <CopyFileToFolders Include="$(SCIP_DIR)\bin\mpir.dll"><Filter>binaries</Filter></CopyFileToFolders>
  </ItemGroup>
</Project>