
Microsoft Visual Studio Solution File, Format Version 12.00
# Visual Studio Version 16
VisualStudioVersion = 16.0.30011.22
MinimumVisualStudioVersion = 10.0.40219.1
Project("{8BC9CEB8-8B4A-11D0-8D11-00A0C91BC942}") = "ScaiIlpDll", "ScaiIlpDll\ScaiIlpDll.vcxproj", "{F3E554F5-F2D5-4185-86A5-87D100CCDA78}"
EndProject
Project("{8BC9CEB8-8B4A-11D0-8D11-00A0C91BC942}") = "UnitTest", "UnitTest\UnitTest.vcxproj", "{F7209567-12FF-4106-B62E-ED96B1B0BAA8}"
	ProjectSection(ProjectDependencies) = postProject
		{37250A30-6839-456E-B7EF-BEA2253EA52F} = {37250A30-6839-456E-B7EF-BEA2253EA52F}
		{F3E554F5-F2D5-4185-86A5-87D100CCDA78} = {F3E554F5-F2D5-4185-86A5-87D100CCDA78}
	EndProjectSection
EndProject
Project("{8BC9CEB8-8B4A-11D0-8D11-00A0C91BC942}") = "ScaiIlpExe", "ScaiIlpExe\ScaiIlpExe.vcxproj", "{37250A30-6839-456E-B7EF-BEA2253EA52F}"
	ProjectSection(ProjectDependencies) = postProject
		{F3E554F5-F2D5-4185-86A5-87D100CCDA78} = {F3E554F5-F2D5-4185-86A5-87D100CCDA78}
	EndProjectSection
EndProject
Global
	GlobalSection(SolutionConfigurationPlatforms) = preSolution
		Debug|x64 = Debug|x64
		Debug|x86 = Debug|x86
		Release|x64 = Release|x64
		Release|x86 = Release|x86
	EndGlobalSection
	GlobalSection(ProjectConfigurationPlatforms) = postSolution
		{F3E554F5-F2D5-4185-86A5-87D100CCDA78}.Debug|x64.ActiveCfg = Debug|x64
		{F3E554F5-F2D5-4185-86A5-87D100CCDA78}.Debug|x64.Build.0 = Debug|x64
		{F3E554F5-F2D5-4185-86A5-87D100CCDA78}.Debug|x86.ActiveCfg = Debug|Win32
		{F3E554F5-F2D5-4185-86A5-87D100CCDA78}.Debug|x86.Build.0 = Debug|Win32
		{F3E554F5-F2D5-4185-86A5-87D100CCDA78}.Release|x64.ActiveCfg = Release|x64
		{F3E554F5-F2D5-4185-86A5-87D100CCDA78}.Release|x64.Build.0 = Release|x64
		{F3E554F5-F2D5-4185-86A5-87D100CCDA78}.Release|x86.ActiveCfg = Release|Win32
		{F3E554F5-F2D5-4185-86A5-87D100CCDA78}.Release|x86.Build.0 = Release|Win32
		{F7209567-12FF-4106-B62E-ED96B1B0BAA8}.Debug|x64.ActiveCfg = Debug|x64
		{F7209567-12FF-4106-B62E-ED96B1B0BAA8}.Debug|x64.Build.0 = Debug|x64
		{F7209567-12FF-4106-B62E-ED96B1B0BAA8}.Debug|x86.ActiveCfg = Debug|Win32
		{F7209567-12FF-4106-B62E-ED96B1B0BAA8}.Debug|x86.Build.0 = Debug|Win32
		{F7209567-12FF-4106-B62E-ED96B1B0BAA8}.Release|x64.ActiveCfg = Release|x64
		{F7209567-12FF-4106-B62E-ED96B1B0BAA8}.Release|x64.Build.0 = Release|x64
		{F7209567-12FF-4106-B62E-ED96B1B0BAA8}.Release|x86.ActiveCfg = Release|Win32
		{F7209567-12FF-4106-B62E-ED96B1B0BAA8}.Release|x86.Build.0 = Release|Win32
		{37250A30-6839-456E-B7EF-BEA2253EA52F}.Debug|x64.ActiveCfg = Debug|x64
		{37250A30-6839-456E-B7EF-BEA2253EA52F}.Debug|x64.Build.0 = Debug|x64
		{37250A30-6839-456E-B7EF-BEA2253EA52F}.Debug|x86.ActiveCfg = Debug|Win32
		{37250A30-6839-456E-B7EF-BEA2253EA52F}.Debug|x86.Build.0 = Debug|Win32
		{37250A30-6839-456E-B7EF-BEA2253EA52F}.Release|x64.ActiveCfg = Release|x64
		{37250A30-6839-456E-B7EF-BEA2253EA52F}.Release|x64.Build.0 = Release|x64
		{37250A30-6839-456E-B7EF-BEA2253EA52F}.Release|x86.ActiveCfg = Release|Win32
		{37250A30-6839-456E-B7EF-BEA2253EA52F}.Release|x86.Build.0 = Release|Win32
	EndGlobalSection
	GlobalSection(SolutionProperties) = preSolution
		HideSolutionNode = FALSE
	EndGlobalSection
	GlobalSection(ExtensibilityGlobals) = postSolution
		SolutionGuid = {BEC40314-BD13-428F-A5AC-006E4B4E4094}
	EndGlobalSection
EndGlobal
