<?xml version="1.0" encoding="utf-8"?>
<Project ToolsVersion="4.0" xmlns="http://schemas.microsoft.com/developer/msbuild/2003">
  <ItemGroup>
    <ClInclude Include="..\..\src\production\ilp_solver_factory.hpp">
      <Filter>production</Filter>
    </ClInclude>
    <ClInclude Include="..\..\src\production\ilp_solver_interface.hpp">
      <Filter>production</Filter>
    </ClInclude>
    <ClInclude Include="..\..\src\production\serialization.hpp">
      <Filter>production</Filter>
    </ClInclude>
    <ClInclude Include="..\..\src\production\ilp_solver_exception.hpp">
      <Filter>production</Filter>
    </ClInclude>
  </ItemGroup>
  <ItemGroup>
    <ClCompile Include="..\..\src\test\ilp_solver_interface_t.cpp">
      <Filter>test</Filter>
    </ClCompile>
    <ClCompile Include="..\..\src\test\serialization_t.cpp">
      <Filter>test</Filter>
    </ClCompile>
    <ClCompile Include="..\..\src\test\unit_tests.cpp">
      <Filter>test</Filter>
    </ClCompile>
    <ClCompile Include="..\..\src\test\ilp_solver_exception_t.cpp">
      <Filter>test</Filter>
    </ClCompile>
    <ClCompile Include="..\..\src\production\ilp_solver_exception.cpp">
      <Filter>production</Filter>
    </ClCompile>
  </ItemGroup>
  <ItemGroup>
    <Filter Include="test">
      <UniqueIdentifier>{6746bdb6-432d-47d5-9e5b-394e3c85d306}</UniqueIdentifier>
    </Filter>
    <Filter Include="production">
      <UniqueIdentifier>{5fdf6001-8865-416a-a291-6bc47ec7e573}</UniqueIdentifier>
    </Filter>
    <Filter Include="binaries">
      <UniqueIdentifier>{435216ea-7ea4-42bb-b1c3-0d9e019c621c}</UniqueIdentifier>
    </Filter>
    <Filter Include="binaries\Debug">
      <UniqueIdentifier>{15c8d77a-1c05-46cd-bb7f-adb9e16a79de}</UniqueIdentifier>
    </Filter>
    <Filter Include="binaries\Release">
      <UniqueIdentifier>{7d15dc34-6a7a-4367-8336-10c9cc3b8248}</UniqueIdentifier>
    </Filter>
  </ItemGroup>
  <ItemGroup>
    <CustomBuild Include="$(PTHREAD_DIR)\Debug\pthread.dll" />
    <CustomBuild Include="$(PTHREAD_DIR)\Release\pthread.dll" />
    <CustomBuild Include="$(PTHREAD_DIR)\x64_Debug\pthread.dll" />
    <CustomBuild Include="$(PTHREAD_DIR)\x64_Release\pthread.dll" />
  </ItemGroup>
  <ItemGroup>
    <CustomBuild Include="$(PTHREAD_DIR)\Release\pthread.dll">
      <Filter>binaries\Release</Filter>
    </CustomBuild>
    <CustomBuild Include="$(PTHREAD_DIR)\Debug\pthread.dll">
      <Filter>binaries\Debug</Filter>
    </CustomBuild>
  </ItemGroup>
  <ItemGroup>
    <CustomBuild Include="$(PTHREAD_DIR)\x64_Release\pthread.dll">
      <Filter>binaries\x64_Release</Filter>
    </CustomBuild>
    <CustomBuild Include="$(PTHREAD_DIR)\x64_Debug\pthread.dll">
      <Filter>binaries\x64_Debug</Filter>
    </CustomBuild>
  </ItemGroup>
</Project>